{
    "_meta": {
        "hash": {
            "sha256": "a32871caaea663dd22e7bdfe099907e1ce2cdad4705903c1c68a7e09d90fcc52"
        },
        "pipfile-spec": 6,
        "requires": {
            "python_version": "3.8"
        },
        "sources": [
            {
                "name": "pypi",
                "url": "https://pypi.org/simple",
                "verify_ssl": true
            }
        ]
    },
    "default": {
        "ibtab": {
            "editable": true,
            "path": "."
        },
        "ibtax": {
            "editable": true,
            "path": "."
        }
    },
    "develop": {}
}
